// !$*UTF8*$!
{
	archiveVersion = 1;
	classes = {
	};
	objectVersion = 46;
	objects = {

/* Begin PBXBuildFile section */
		389B0FDF1B6715DE00965585 /* main.m in Sources */ = {isa = PBXBuildFile; fileRef = 389B0FDE1B6715DE00965585 /* main.m */; };
		389B0FEA1B6715DE00965585 /* Images.xcassets in Resources */ = {isa = PBXBuildFile; fileRef = 389B0FE91B6715DE00965585 /* Images.xcassets */; };
		389B0FED1B6715DE00965585 /* LaunchScreen.xib in Resources */ = {isa = PBXBuildFile; fileRef = 389B0FEB1B6715DE00965585 /* LaunchScreen.xib */; };
		389B0FF91B6715DE00965585 /* GoUniversityTests.m in Sources */ = {isa = PBXBuildFile; fileRef = 389B0FF81B6715DE00965585 /* GoUniversityTests.m */; };
		38D0D4471B685E8A0061913F /* AppDelegate.m in Sources */ = {isa = PBXBuildFile; fileRef = 38D0D4441B685E8A0061913F /* AppDelegate.m */; };
		38D0D4481B685E8A0061913F /* ViewController.m in Sources */ = {isa = PBXBuildFile; fileRef = 38D0D4461B685E8A0061913F /* ViewController.m */; };
		38D0D44B1B685E9F0061913F /* Main.storyboard in Resources */ = {isa = PBXBuildFile; fileRef = 38D0D4491B685E9F0061913F /* Main.storyboard */; };
/* End PBXBuildFile section */

/* Begin PBXContainerItemProxy section */
		389B0FF31B6715DE00965585 /* PBXContainerItemProxy */ = {
			isa = PBXContainerItemProxy;
			containerPortal = 389B0FD11B6715DE00965585 /* Project object */;
			proxyType = 1;
			remoteGlobalIDString = 389B0FD81B6715DE00965585;
			remoteInfo = GoUniversity;
		};
/* End PBXContainerItemProxy section */

/* Begin PBXFileReference section */
		389B0FD91B6715DE00965585 /* GoUniversity.app */ = {isa = PBXFileReference; explicitFileType = wrapper.application; includeInIndex = 0; path = GoUniversity.app; sourceTree = BUILT_PRODUCTS_DIR; };
		389B0FDD1B6715DE00965585 /* Info.plist */ = {isa = PBXFileReference; lastKnownFileType = text.plist.xml; path = Info.plist; sourceTree = "<group>"; };
		389B0FDE1B6715DE00965585 /* main.m */ = {isa = PBXFileReference; lastKnownFileType = sourcecode.c.objc; path = main.m; sourceTree = "<group>"; };
		389B0FE91B6715DE00965585 /* Images.xcassets */ = {isa = PBXFileReference; lastKnownFileType = folder.assetcatalog; path = Images.xcassets; sourceTree = "<group>"; };
		389B0FEC1B6715DE00965585 /* Base */ = {isa = PBXFileReference; lastKnownFileType = file.xib; name = Base; path = Base.lproj/LaunchScreen.xib; sourceTree = "<group>"; };
		389B0FF21B6715DE00965585 /* GoUniversityTests.xctest */ = {isa = PBXFileReference; explicitFileType = wrapper.cfbundle; includeInIndex = 0; path = GoUniversityTests.xctest; sourceTree = BUILT_PRODUCTS_DIR; };
		389B0FF71B6715DE00965585 /* Info.plist */ = {isa = PBXFileReference; lastKnownFileType = text.plist.xml; path = Info.plist; sourceTree = "<group>"; };
		389B0FF81B6715DE00965585 /* GoUniversityTests.m */ = {isa = PBXFileReference; lastKnownFileType = sourcecode.c.objc; path = GoUniversityTests.m; sourceTree = "<group>"; };
		38D0D4431B685E8A0061913F /* AppDelegate.h */ = {isa = PBXFileReference; fileEncoding = 4; lastKnownFileType = sourcecode.c.h; path = AppDelegate.h; sourceTree = "<group>"; };
		38D0D4441B685E8A0061913F /* AppDelegate.m */ = {isa = PBXFileReference; fileEncoding = 4; lastKnownFileType = sourcecode.c.objc; path = AppDelegate.m; sourceTree = "<group>"; };
		38D0D4451B685E8A0061913F /* ViewController.h */ = {isa = PBXFileReference; fileEncoding = 4; lastKnownFileType = sourcecode.c.h; path = ViewController.h; sourceTree = "<group>"; };
		38D0D4461B685E8A0061913F /* ViewController.m */ = {isa = PBXFileReference; fileEncoding = 4; lastKnownFileType = sourcecode.c.objc; path = ViewController.m; sourceTree = "<group>"; };
		38D0D44A1B685E9F0061913F /* Base */ = {isa = PBXFileReference; lastKnownFileType = file.storyboard; name = Base; path = Base.lproj/Main.storyboard; sourceTree = "<group>"; };
/* End PBXFileReference section */

/* Begin PBXFrameworksBuildPhase section */
		389B0FD61B6715DE00965585 /* Frameworks */ = {
			isa = PBXFrameworksBuildPhase;
			buildActionMask = 2147483647;
			files = (
			);
			runOnlyForDeploymentPostprocessing = 0;
		};
		389B0FEF1B6715DE00965585 /* Frameworks */ = {
			isa = PBXFrameworksBuildPhase;
			buildActionMask = 2147483647;
			files = (
			);
			runOnlyForDeploymentPostprocessing = 0;
		};
/* End PBXFrameworksBuildPhase section */

/* Begin PBXGroup section */
		389B0FD01B6715DE00965585 = {
			isa = PBXGroup;
			children = (
				389B0FDB1B6715DE00965585 /* GoUniversity */,
				389B0FF51B6715DE00965585 /* GoUniversityTests */,
				389B0FDA1B6715DE00965585 /* Products */,
			);
			sourceTree = "<group>";
		};
		389B0FDA1B6715DE00965585 /* Products */ = {
			isa = PBXGroup;
			children = (
				389B0FD91B6715DE00965585 /* GoUniversity.app */,
				389B0FF21B6715DE00965585 /* GoUniversityTests.xctest */,
			);
			name = Products;
			sourceTree = "<group>";
		};
		389B0FDB1B6715DE00965585 /* GoUniversity */ = {
			isa = PBXGroup;
			children = (
				38D0D43C1B685D460061913F /* tab4 */,
				38D0D43B1B685D410061913F /* tab3 */,
				38D0D43A1B685D3B0061913F /* tab2 */,
				38D0D4391B685D330061913F /* tab1 */,
				38D0D4381B685D270061913F /* main */,
				389B0FE91B6715DE00965585 /* Images.xcassets */,
				389B0FEB1B6715DE00965585 /* LaunchScreen.xib */,
				389B0FDC1B6715DE00965585 /* Supporting Files */,
			);
			path = GoUniversity;
			sourceTree = "<group>";
		};
		389B0FDC1B6715DE00965585 /* Supporting Files */ = {
			isa = PBXGroup;
			children = (
				38D0D4491B685E9F0061913F /* Main.storyboard */,
				389B0FDD1B6715DE00965585 /* Info.plist */,
				389B0FDE1B6715DE00965585 /* main.m */,
			);
			name = "Supporting Files";
			sourceTree = "<group>";
		};
		389B0FF51B6715DE00965585 /* GoUniversityTests */ = {
			isa = PBXGroup;
			children = (
				389B0FF81B6715DE00965585 /* GoUniversityTests.m */,
				389B0FF61B6715DE00965585 /* Supporting Files */,
			);
			path = GoUniversityTests;
			sourceTree = "<group>";
		};
		389B0FF61B6715DE00965585 /* Supporting Files */ = {
			isa = PBXGroup;
			children = (
				389B0FF71B6715DE00965585 /* Info.plist */,
			);
			name = "Supporting Files";
			sourceTree = "<group>";
		};
		38D0D4381B685D270061913F /* main */ = {
			isa = PBXGroup;
			children = (
				38D0D4431B685E8A0061913F /* AppDelegate.h */,
				38D0D4441B685E8A0061913F /* AppDelegate.m */,
				38D0D4451B685E8A0061913F /* ViewController.h */,
				38D0D4461B685E8A0061913F /* ViewController.m */,
			);
			path = main;
			sourceTree = "<group>";
		};
		38D0D4391B685D330061913F /* tab1 */ = {
			isa = PBXGroup;
			children = (
			);
			path = tab1;
			sourceTree = "<group>";
		};
		38D0D43A1B685D3B0061913F /* tab2 */ = {
			isa = PBXGroup;
			children = (
			);
			path = tab2;
			sourceTree = "<group>";
		};
		38D0D43B1B685D410061913F /* tab3 */ = {
			isa = PBXGroup;
			children = (
			);
			path = tab3;
			sourceTree = "<group>";
		};
		38D0D43C1B685D460061913F /* tab4 */ = {
			isa = PBXGroup;
			children = (
			);
			path = tab4;
			sourceTree = "<group>";
		};
/* End PBXGroup section */

/* Begin PBXNativeTarget section */
		389B0FD81B6715DE00965585 /* GoUniversity */ = {
			isa = PBXNativeTarget;
			buildConfigurationList = 389B0FFC1B6715DE00965585 /* Build configuration list for PBXNativeTarget "GoUniversity" */;
			buildPhases = (
				389B0FD51B6715DE00965585 /* Sources */,
				389B0FD61B6715DE00965585 /* Frameworks */,
				389B0FD71B6715DE00965585 /* Resources */,
			);
			buildRules = (
			);
			dependencies = (
			);
			name = GoUniversity;
			productName = GoUniversity;
			productReference = 389B0FD91B6715DE00965585 /* GoUniversity.app */;
			productType = "com.apple.product-type.application";
		};
		389B0FF11B6715DE00965585 /* GoUniversityTests */ = {
			isa = PBXNativeTarget;
			buildConfigurationList = 389B0FFF1B6715DE00965585 /* Build configuration list for PBXNativeTarget "GoUniversityTests" */;
			buildPhases = (
				389B0FEE1B6715DE00965585 /* Sources */,
				389B0FEF1B6715DE00965585 /* Frameworks */,
				389B0FF01B6715DE00965585 /* Resources */,
			);
			buildRules = (
			);
			dependencies = (
				389B0FF41B6715DE00965585 /* PBXTargetDependency */,
			);
			name = GoUniversityTests;
			productName = GoUniversityTests;
			productReference = 389B0FF21B6715DE00965585 /* GoUniversityTests.xctest */;
			productType = "com.apple.product-type.bundle.unit-test";
		};
/* End PBXNativeTarget section */

/* Begin PBXProject section */
		389B0FD11B6715DE00965585 /* Project object */ = {
			isa = PBXProject;
			attributes = {
				LastUpgradeCheck = 0640;
				ORGANIZATIONNAME = luojie;
				TargetAttributes = {
					389B0FD81B6715DE00965585 = {
						CreatedOnToolsVersion = 6.4;
					};
					389B0FF11B6715DE00965585 = {
						CreatedOnToolsVersion = 6.4;
						TestTargetID = 389B0FD81B6715DE00965585;
					};
				};
			};
			buildConfigurationList = 389B0FD41B6715DE00965585 /* Build configuration list for PBXProject "GoUniversity" */;
			compatibilityVersion = "Xcode 3.2";
			developmentRegion = English;
			hasScannedForEncodings = 0;
			knownRegions = (
				en,
				Base,
			);
			mainGroup = 389B0FD01B6715DE00965585;
			productRefGroup = 389B0FDA1B6715DE00965585 /* Products */;
			projectDirPath = "";
			projectRoot = "";
			targets = (
				389B0FD81B6715DE00965585 /* GoUniversity */,
				389B0FF11B6715DE00965585 /* GoUniversityTests */,
			);
		};
/* End PBXProject section */

/* Begin PBXResourcesBuildPhase section */
		389B0FD71B6715DE00965585 /* Resources */ = {
			isa = PBXResourcesBuildPhase;
			buildActionMask = 2147483647;
			files = (
				38D0D44B1B685E9F0061913F /* Main.storyboard in Resources */,
				389B0FED1B6715DE00965585 /* LaunchScreen.xib in Resources */,
				389B0FEA1B6715DE00965585 /* Images.xcassets in Resources */,
			);
			runOnlyForDeploymentPostprocessing = 0;
		};
		389B0FF01B6715DE00965585 /* Resources */ = {
			isa = PBXResourcesBuildPhase;
			buildActionMask = 2147483647;
			files = (
			);
			runOnlyForDeploymentPostprocessing = 0;
		};
/* End PBXResourcesBuildPhase section */

/* Begin PBXSourcesBuildPhase section */
		389B0FD51B6715DE00965585 /* Sources */ = {
			isa = PBXSourcesBuildPhase;
			buildActionMask = 2147483647;
			files = (
				38D0D4481B685E8A0061913F /* ViewController.m in Sources */,
				38D0D4471B685E8A0061913F /* AppDelegate.m in Sources */,
				389B0FDF1B6715DE00965585 /* main.m in Sources */,
			);
			runOnlyForDeploymentPostprocessing = 0;
		};
		389B0FEE1B6715DE00965585 /* Sources */ = {
			isa = PBXSourcesBuildPhase;
			buildActionMask = 2147483647;
			files = (
				389B0FF91B6715DE00965585 /* GoUniversityTests.m in Sources */,
			);
			runOnlyForDeploymentPostprocessing = 0;
		};
/* End PBXSourcesBuildPhase section */

/* Begin PBXTargetDependency section */
		389B0FF41B6715DE00965585 /* PBXTargetDependency */ = {
			isa = PBXTargetDependency;
			target = 389B0FD81B6715DE00965585 /* GoUniversity */;
			targetProxy = 389B0FF31B6715DE00965585 /* PBXContainerItemProxy */;
		};
/* End PBXTargetDependency section */

/* Begin PBXVariantGroup section */
		389B0FEB1B6715DE00965585 /* LaunchScreen.xib */ = {
			isa = PBXVariantGroup;
			children = (
				389B0FEC1B6715DE00965585 /* Base */,
			);
			name = LaunchScreen.xib;
			sourceTree = "<group>";
		};
		38D0D4491B685E9F0061913F /* Main.storyboard */ = {
			isa = PBXVariantGroup;
			children = (
				38D0D44A1B685E9F0061913F /* Base */,
			);
			name = Main.storyboard;
			sourceTree = "<group>";
		};
/* End PBXVariantGroup section */

/* Begin XCBuildConfiguration section */
		389B0FFA1B6715DE00965585 /* Debug */ = {
			isa = XCBuildConfiguration;
			buildSettings = {
				ALWAYS_SEARCH_USER_PATHS = NO;
				CLANG_CXX_LANGUAGE_STANDARD = "gnu++0x";
				CLANG_CXX_LIBRARY = "libc++";
				CLANG_ENABLE_MODULES = YES;
				CLANG_ENABLE_OBJC_ARC = YES;
				CLANG_WARN_BOOL_CONVERSION = YES;
				CLANG_WARN_CONSTANT_CONVERSION = YES;
				CLANG_WARN_DIRECT_OBJC_ISA_USAGE = YES_ERROR;
				CLANG_WARN_EMPTY_BODY = YES;
				CLANG_WARN_ENUM_CONVERSION = YES;
				CLANG_WARN_INT_CONVERSION = YES;
				CLANG_WARN_OBJC_ROOT_CLASS = YES_ERROR;
				CLANG_WARN_UNREACHABLE_CODE = YES;
				CLANG_WARN__DUPLICATE_METHOD_MATCH = YES;
				"CODE_SIGN_IDENTITY[sdk=iphoneos*]" = "iPhone Developer";
				COPY_PHASE_STRIP = NO;
				DEBUG_INFORMATION_FORMAT = "dwarf-with-dsym";
				ENABLE_STRICT_OBJC_MSGSEND = YES;
				GCC_C_LANGUAGE_STANDARD = gnu99;
				GCC_DYNAMIC_NO_PIC = NO;
				GCC_NO_COMMON_BLOCKS = YES;
				GCC_OPTIMIZATION_LEVEL = 0;
				GCC_PREPROCESSOR_DEFINITIONS = (
					"DEBUG=1",
					"$(inherited)",
				);
				GCC_SYMBOLS_PRIVATE_EXTERN = NO;
				GCC_WARN_64_TO_32_BIT_CONVERSION = YES;
				GCC_WARN_ABOUT_RETURN_TYPE = YES_ERROR;
				GCC_WARN_UNDECLARED_SELECTOR = YES;
				GCC_WARN_UNINITIALIZED_AUTOS = YES_AGGRESSIVE;
				GCC_WARN_UNUSED_FUNCTION = YES;
				GCC_WARN_UNUSED_VARIABLE = YES;
				IPHONEOS_DEPLOYMENT_TARGET = 8.4;
				MTL_ENABLE_DEBUG_INFO = YES;
				ONLY_ACTIVE_ARCH = YES;
				SDKROOT = iphoneos;
			};
			name = Debug;
		};
		389B0FFB1B6715DE00965585 /* Release */ = {
			isa = XCBuildConfiguration;
			buildSettings = {
				ALWAYS_SEARCH_USER_PATHS = NO;
				CLANG_CXX_LANGUAGE_STANDARD = "gnu++0x";
				CLANG_CXX_LIBRARY = "libc++";
				CLANG_ENABLE_MODULES = YES;
				CLANG_ENABLE_OBJC_ARC = YES;
				CLANG_WARN_BOOL_CONVERSION = YES;
				CLANG_WARN_CONSTANT_CONVERSION = YES;
				CLANG_WARN_DIRECT_OBJC_ISA_USAGE = YES_ERROR;
				CLANG_WARN_EMPTY_BODY = YES;
				CLANG_WARN_ENUM_CONVERSION = YES;
				CLANG_WARN_INT_CONVERSION = YES;
				CLANG_WARN_OBJC_ROOT_CLASS = YES_ERROR;
				CLANG_WARN_UNREACHABLE_CODE = YES;
				CLANG_WARN__DUPLICATE_METHOD_MATCH = YES;
				"CODE_SIGN_IDENTITY[sdk=iphoneos*]" = "iPhone Developer";
				COPY_PHASE_STRIP = NO;
				DEBUG_INFORMATION_FORMAT = "dwarf-with-dsym";
				ENABLE_NS_ASSERTIONS = NO;
				ENABLE_STRICT_OBJC_MSGSEND = YES;
				GCC_C_LANGUAGE_STANDARD = gnu99;
				GCC_NO_COMMON_BLOCKS = YES;
				GCC_WARN_64_TO_32_BIT_CONVERSION = YES;
				GCC_WARN_ABOUT_RETURN_TYPE = YES_ERROR;
				GCC_WARN_UNDECLARED_SELECTOR = YES;
				GCC_WARN_UNINITIALIZED_AUTOS = YES_AGGRESSIVE;
				GCC_WARN_UNUSED_FUNCTION = YES;
				GCC_WARN_UNUSED_VARIABLE = YES;
				IPHONEOS_DEPLOYMENT_TARGET = 8.4;
				MTL_ENABLE_DEBUG_INFO = NO;
				SDKROOT = iphoneos;
				VALIDATE_PRODUCT = YES;
			};
			name = Release;
		};
		389B0FFD1B6715DE00965585 /* Debug */ = {
			isa = XCBuildConfiguration;
			buildSettings = {
				ASSETCATALOG_COMPILER_APPICON_NAME = AppIcon;
				INFOPLIST_FILE = GoUniversity/Info.plist;
				LD_RUNPATH_SEARCH_PATHS = "$(inherited) @executable_path/Frameworks";
				PRODUCT_NAME = "$(TARGET_NAME)";
			};
			name = Debug;
		};
		389B0FFE1B6715DE00965585 /* Release */ = {
			isa = XCBuildConfiguration;
			buildSettings = {
				ASSETCATALOG_COMPILER_APPICON_NAME = AppIcon;
				INFOPLIST_FILE = GoUniversity/Info.plist;
				LD_RUNPATH_SEARCH_PATHS = "$(inherited) @executable_path/Frameworks";
				PRODUCT_NAME = "$(TARGET_NAME)";
			};
			name = Release;
		};
		389B10001B6715DE00965585 /* Debug */ = {
			isa = XCBuildConfiguration;
			buildSettings = {
				BUNDLE_LOADER = "$(TEST_HOST)";
				FRAMEWORK_SEARCH_PATHS = (
					"$(SDKROOT)/Developer/Library/Frameworks",
					"$(inherited)",
				);
				GCC_PREPROCESSOR_DEFINITIONS = (
					"DEBUG=1",
					"$(inherited)",
				);
				INFOPLIST_FILE = GoUniversityTests/Info.plist;
				LD_RUNPATH_SEARCH_PATHS = "$(inherited) @executable_path/Frameworks @loader_path/Frameworks";
				PRODUCT_NAME = "$(TARGET_NAME)";
				TEST_HOST = "$(BUILT_PRODUCTS_DIR)/GoUniversity.app/GoUniversity";
			};
			name = Debug;
		};
		389B10011B6715DE00965585 /* Release */ = {
			isa = XCBuildConfiguration;
			buildSettings = {
				BUNDLE_LOADER = "$(TEST_HOST)";
				FRAMEWORK_SEARCH_PATHS = (
					"$(SDKROOT)/Developer/Library/Frameworks",
					"$(inherited)",
				);
				INFOPLIST_FILE = GoUniversityTests/Info.plist;
				LD_RUNPATH_SEARCH_PATHS = "$(inherited) @executable_path/Frameworks @loader_path/Frameworks";
				PRODUCT_NAME = "$(TARGET_NAME)";
				TEST_HOST = "$(BUILT_PRODUCTS_DIR)/GoUniversity.app/GoUniversity";
			};
			name = Release;
		};
/* End XCBuildConfiguration section */

/* Begin XCConfigurationList section */
		389B0FD41B6715DE00965585 /* Build configuration list for PBXProject "GoUniversity" */ = {
			isa = XCConfigurationList;
			buildConfigurations = (
				389B0FFA1B6715DE00965585 /* Debug */,
				389B0FFB1B6715DE00965585 /* Release */,
			);
			defaultConfigurationIsVisible = 0;
			defaultConfigurationName = Release;
		};
		389B0FFC1B6715DE00965585 /* Build configuration list for PBXNativeTarget "GoUniversity" */ = {
			isa = XCConfigurationList;
			buildConfigurations = (
				389B0FFD1B6715DE00965585 /* Debug */,
				389B0FFE1B6715DE00965585 /* Release */,
			);
			defaultConfigurationIsVisible = 0;
			defaultConfigurationName = Release;
		};
		389B0FFF1B6715DE00965585 /* Build configuration list for PBXNativeTarget "GoUniversityTests" */ = {
			isa = XCConfigurationList;
			buildConfigurations = (
				389B10001B6715DE00965585 /* Debug */,
				389B10011B6715DE00965585 /* Release */,
			);
			defaultConfigurationIsVisible = 0;
			defaultConfigurationName = Release;
		};
/* End XCConfigurationList section */
	};
	rootObject = 389B0FD11B6715DE00965585 /* Project object */;
}
